{
  "version": 4,
  "terraform_version": "0.12.24",
  "serial": 24,
  "lineage": "098b5f77-2c34-be81-6580-a83e117f4cc3",
  "outputs": {
    "cip_status": {
      "value": [
        {
          "load_balancer": [
            {
              "ingress": []
            }
          ]
        }
      ],
      "type": [
        "list",
        [
          "object",
          {
            "load_balancer": [
              "list",
              [
                "object",
                {
                  "ingress": [
                    "list",
                    [
                      "object",
                      {
                        "hostname": "string",
                        "ip": "string"
                      }
                    ]
                  ]
                }
              ]
            ]
          }
        ]
      ]
    },
    "lb_status": {
      "value": [
        {
          "load_balancer": [
            {
              "ingress": [
                {
                  "hostname": "",
                  "ip": "34.69.59.26"
                }
              ]
            }
          ]
        }
      ],
      "type": [
        "list",
        [
          "object",
          {
            "load_balancer": [
              "list",
              [
                "object",
                {
                  "ingress": [
                    "list",
                    [
                      "object",
                      {
                        "hostname": "string",
                        "ip": "string"
                      }
                    ]
                  ]
                }
              ]
            ]
          }
        ]
      ]
    }
  },
  "resources": [
    {
      "mode": "data",
      "type": "google_client_config",
      "name": "default",
      "provider": "provider.google",
      "instances": [
        {
          "schema_version": 0,
          "attributes": {
            "access_token": "ya29.a0AfH6SMBnQ13-N2R1iJy4Qrx7HxdT8KEPELNMhJcx5RxgojJy5kuX9z5vJLxJKp1uXRYAvqdcDo-OjfNyuWDd6Gv-vrKmJYHxC2LLN4TuubmxMs5m5vVRPV21fwo9DEaHONWALDN7XjGo8UtL3iz-PG4IqqoU3nsRkdJhUY1ss9KbEyAMPL0XYBhyy__buM2u0N9YWjnmixocezjX7ito40K2uSAGt5prCGs9QrUvSKjZ8w8Ge0s0GXzjaTEnGCx0AEUjkBI",
            "id": "projects/mar-roidtc321/regions/us-central1/zones/us-central1-a",
            "project": "mar-roidtc321",
            "region": "us-central1",
            "zone": "us-central1-a"
          }
        }
      ]
    },
    {
      "mode": "managed",
      "type": "google_container_cluster",
      "name": "gke-cluster",
      "provider": "provider.google",
      "instances": [
        {
          "schema_version": 1,
          "attributes": {
            "addons_config": [
              {
                "cloudrun_config": [],
                "horizontal_pod_autoscaling": [],
                "http_load_balancing": [],
                "network_policy_config": [
                  {
                    "disabled": true
                  }
                ]
              }
            ],
            "authenticator_groups_config": [],
            "cluster_autoscaling": [
              {
                "auto_provisioning_defaults": [],
                "enabled": false,
                "resource_limits": []
              }
            ],
            "cluster_ipv4_cidr": "10.44.0.0/14",
            "database_encryption": [
              {
                "key_name": "",
                "state": "DECRYPTED"
              }
            ],
            "datapath_provider": "",
            "default_max_pods_per_node": null,
            "default_snat_status": [
              {
                "disabled": false
              }
            ],
            "description": "",
            "enable_binary_authorization": false,
            "enable_intranode_visibility": false,
            "enable_kubernetes_alpha": false,
            "enable_legacy_abac": false,
            "enable_shielded_nodes": false,
            "enable_tpu": false,
            "endpoint": "35.239.174.100",
            "id": "projects/mar-roidtc321/locations/us-central1-a/clusters/deloitted-events-feed-cluster",
            "initial_node_count": 3,
            "instance_group_urls": [
              "https://www.googleapis.com/compute/v1/projects/mar-roidtc321/zones/us-central1-a/instanceGroups/gke-deloitted-events-fee-default-pool-dd966816-grp"
            ],
            "ip_allocation_policy": [],
            "label_fingerprint": "a9dc16a7",
            "location": "us-central1-a",
            "logging_service": "logging.googleapis.com/kubernetes",
            "maintenance_policy": [],
            "master_auth": [
              {
                "client_certificate": "",
                "client_certificate_config": [
                  {
                    "issue_client_certificate": false
                  }
                ],
                "client_key": "",
                "cluster_ca_certificate": "LS0tLS1CRUdJTiBDRVJUSUZJQ0FURS0tLS0tCk1JSURLekNDQWhPZ0F3SUJBZ0lSQUtYTXlkSWQyaUZtVWZFVG90Y2lXaTB3RFFZSktvWklodmNOQVFFTEJRQXcKTHpFdE1Dc0dBMVVFQXhNa1kyTTVNV1ZtWVRrdE1qSTFNQzAwTnpSbUxXSTRZemd0TVRrd05qVXhNMlprTlRBMgpNQjRYRFRJeE1ETXhOekU1TkRBME4xb1hEVEkyTURNeE5qSXdOREEwTjFvd0x6RXRNQ3NHQTFVRUF4TWtZMk01Ck1XVm1ZVGt0TWpJMU1DMDBOelJtTFdJNFl6Z3RNVGt3TmpVeE0yWmtOVEEyTUlJQklqQU5CZ2txaGtpRzl3MEIKQVFFRkFBT0NBUThBTUlJQkNnS0NBUUVBcm8xUTIzaVRRbzlXZ29XeWVrN2MzU0c0cDM1MkpCT1R2WkNUbWZMeAoySmJDNFlwcE4vVjNtN08wbjdjeHF6VVFvMVA3WEo4eWJYb2xUczdvcW5ROWxaYnBJZFR5T0tXTER4VnVIVDlZCnZUMXFCc29pVitOV0lrbkFibVZXdDdoZ0l4U0ZBSGM3ZEN6TTI1eXI0WWNvUnBjcGZFdzJERVNTdlFxNk9XZmUKU0lheUZzclVTWTA2MDN3aEhkT0J4K1lXaGtvZlV6aXcvNkNWWXZ1VS9YY2s0eW10ZXRSdERSOGRvSzhDdkVJbgpLYjM3RkNnNjBQS3JqcUdPaE4wK08xeWRpdVdUNjFyTDhHSWp4UnAzNEd1em45OHAyY1llT0ZRVGZUbURISnZYCm9aeVl6NW1hZ3ZJSEg1Z2R6WFVNWlp5QzBBV0JpUWJFVTY2a01DTVVhcjV4RFFJREFRQUJvMEl3UURBT0JnTlYKSFE4QkFmOEVCQU1DQWdRd0R3WURWUjBUQVFIL0JBVXdBd0VCL3pBZEJnTlZIUTRFRmdRVWp2dFl1N0VnL01JUQpSS3R3MUtWcnJheW9BSkl3RFFZSktvWklodmNOQVFFTEJRQURnZ0VCQUhxUS9BYytpUGlxcVFhMThqVEZ3NUNmCkpibGgrLzBCbEdxTWxOYlEvNUxrRlcwSHdoZHdpd0F1UXFwVlVLUFZuUm1lVXBhOGNkRERyc1FPVy9YNzNRMTgKYzA4eFZIQzhkazQ1RnE1dXhzN2s1Y3NwMzFiZHpoY1hCMVd0eUFLYTFMYUc0WGRpVTB2MHJpT0VpS21HZ0VPbwpLTXpEQVZudDdoWHBYREp2V0J4U05lL0o2ZnJWMWVsMTREMW5GcWZ6Nnh1VTRDTDI4Q1pVMkxpbjA5MUhLRW1YClNuTGZrODR2dzkwNWd3MGVqUmxZMlh1bmRWZzRHbm9iSHBmU2tyQytDQjFtTEtvNXZKQ1NvRVZ3TWVhTFFaa2EKanJ2ZGpKV1ptWjVmNThFRmFURWRJbklKeHNKK2thMEFyRkVJUGZwcExrVUhlR2U0TTRtbnE3UitiL3pkNEp3PQotLS0tLUVORCBDRVJUSUZJQ0FURS0tLS0tCg==",
                "password": "",
                "username": ""
              }
            ],
            "master_authorized_networks_config": [],
            "master_version": "1.18.12-gke.1210",
            "min_master_version": null,
            "monitoring_service": "monitoring.googleapis.com/kubernetes",
            "name": "deloitted-events-feed-cluster",
            "network": "projects/mar-roidtc321/global/networks/default",
            "network_policy": [
              {
                "enabled": false,
                "provider": "PROVIDER_UNSPECIFIED"
              }
            ],
            "node_config": [
              {
                "disk_size_gb": 100,
                "disk_type": "pd-standard",
                "guest_accelerator": [],
                "image_type": "COS",
                "labels": {},
                "local_ssd_count": 0,
                "machine_type": "n1-standard-1",
                "metadata": {
                  "disable-legacy-endpoints": "true"
                },
                "min_cpu_platform": "",
                "oauth_scopes": [
                  "https://www.googleapis.com/auth/cloud-platform"
                ],
                "preemptible": true,
                "service_account": "default",
                "shielded_instance_config": [
                  {
                    "enable_integrity_monitoring": true,
                    "enable_secure_boot": false
                  }
                ],
                "tags": null,
                "taint": [],
                "workload_metadata_config": []
              }
            ],
            "node_locations": [],
            "node_pool": [
              {
                "autoscaling": [],
                "initial_node_count": 3,
                "instance_group_urls": [
                  "https://www.googleapis.com/compute/v1/projects/mar-roidtc321/zones/us-central1-a/instanceGroupManagers/gke-deloitted-events-fee-default-pool-dd966816-grp"
                ],
                "management": [
                  {
                    "auto_repair": true,
                    "auto_upgrade": true
                  }
                ],
                "max_pods_per_node": 0,
                "name": "default-pool",
                "name_prefix": "",
                "node_config": [
                  {
                    "disk_size_gb": 100,
                    "disk_type": "pd-standard",
                    "guest_accelerator": [],
                    "image_type": "COS",
                    "labels": {},
                    "local_ssd_count": 0,
                    "machine_type": "n1-standard-1",
                    "metadata": {
                      "disable-legacy-endpoints": "true"
                    },
                    "min_cpu_platform": "",
                    "oauth_scopes": [
                      "https://www.googleapis.com/auth/cloud-platform"
                    ],
                    "preemptible": true,
                    "service_account": "default",
                    "shielded_instance_config": [
                      {
                        "enable_integrity_monitoring": true,
                        "enable_secure_boot": false
                      }
                    ],
                    "tags": [],
                    "taint": [],
                    "workload_metadata_config": []
                  }
                ],
                "node_count": 3,
                "node_locations": [
                  "us-central1-a"
                ],
                "upgrade_settings": [
                  {
                    "max_surge": 1,
                    "max_unavailable": 0
                  }
                ],
                "version": "1.18.12-gke.1210"
              }
            ],
            "node_version": "1.18.12-gke.1210",
            "operation": null,
            "pod_security_policy_config": [],
            "private_cluster_config": [],
            "project": "mar-roidtc321",
            "release_channel": [
              {
                "channel": "REGULAR"
              }
            ],
            "remove_default_node_pool": null,
            "resource_labels": null,
            "resource_usage_export_config": [],
            "self_link": "https://container.googleapis.com/v1beta1/projects/mar-roidtc321/zones/us-central1-a/clusters/deloitted-events-feed-cluster",
            "services_ipv4_cidr": "10.47.240.0/20",
            "subnetwork": "projects/mar-roidtc321/regions/us-central1/subnetworks/default",
            "timeouts": null,
            "tpu_ipv4_cidr_block": "",
            "vertical_pod_autoscaling": [],
            "workload_identity_config": []
          },
          "private": "eyJlMmJmYjczMC1lY2FhLTExZTYtOGY4OC0zNDM2M2JjN2M0YzAiOnsiY3JlYXRlIjoyNDAwMDAwMDAwMDAwLCJkZWxldGUiOjI0MDAwMDAwMDAwMDAsInJlYWQiOjI0MDAwMDAwMDAwMDAsInVwZGF0ZSI6MzYwMDAwMDAwMDAwMH0sInNjaGVtYV92ZXJzaW9uIjoiMSJ9"
        }
      ]
    },
    {
      "mode": "managed",
      "type": "kubernetes_deployment",
      "name": "deloitted-external-events-feed-deployment",
      "provider": "provider.kubernetes",
      "instances": [
        {
          "schema_version": 1,
          "attributes": {
            "id": "deloitted-events-feed/deloitted-external-events-feed-deployment",
            "metadata": [
              {
                "annotations": null,
                "generate_name": "",
                "generation": 1,
                "labels": {
                  "App": "deloitted-external-events-feed"
                },
                "name": "deloitted-external-events-feed-deployment",
                "namespace": "deloitted-events-feed",
                "resource_version": "1218",
                "self_link": "",
                "uid": "ed7bc794-c3ef-4abc-a8e4-9f191a5157d3"
              }
            ],
            "spec": [
              {
                "min_ready_seconds": 0,
                "paused": false,
                "progress_deadline_seconds": 60,
                "replicas": "1",
                "revision_history_limit": 10,
                "selector": [
                  {
                    "match_expressions": [],
                    "match_labels": {
                      "App": "deloitted-external-events-feed"
                    }
                  }
                ],
                "strategy": [
                  {
                    "rolling_update": [
                      {
                        "max_surge": "25%",
                        "max_unavailable": "25%"
                      }
                    ],
                    "type": "RollingUpdate"
                  }
                ],
                "template": [
                  {
                    "metadata": [
                      {
                        "annotations": null,
                        "generate_name": "",
                        "generation": 0,
                        "labels": {
                          "App": "deloitted-external-events-feed"
                        },
                        "name": "",
                        "namespace": "",
                        "resource_version": "",
                        "self_link": "",
                        "uid": ""
                      }
                    ],
                    "spec": [
                      {
                        "active_deadline_seconds": 0,
                        "affinity": [],
                        "automount_service_account_token": true,
                        "container": [
                          {
                            "args": null,
                            "command": null,
                            "env": [
                              {
                                "name": "SERVER",
                                "value": "http://events-internal-service:8082",
                                "value_from": []
                              }
                            ],
                            "env_from": [],
                            "image": "gcr.io/mar-roidtc321/external-image:v2.0.0",
                            "image_pull_policy": "IfNotPresent",
                            "lifecycle": [],
                            "liveness_probe": [],
                            "name": "deloitted-external-events-feed",
                            "port": [
                              {
                                "container_port": 8080,
                                "host_ip": "",
                                "host_port": 0,
                                "name": "",
                                "protocol": "TCP"
                              }
                            ],
                            "readiness_probe": [],
                            "resources": [
                              {
                                "limits": {
                                  "cpu": "200m",
                                  "memory": "2562Mi"
                                },
                                "requests": {
                                  "cpu": "100m",
                                  "memory": "50Mi"
                                }
                              }
                            ],
                            "security_context": [],
                            "startup_probe": [],
                            "stdin": false,
                            "stdin_once": false,
                            "termination_message_path": "/dev/termination-log",
                            "termination_message_policy": "File",
                            "tty": false,
                            "volume_mount": [],
                            "working_dir": ""
                          }
                        ],
                        "dns_config": [],
                        "dns_policy": "ClusterFirst",
                        "enable_service_links": true,
                        "host_aliases": [],
                        "host_ipc": false,
                        "host_network": false,
                        "host_pid": false,
                        "hostname": "",
                        "image_pull_secrets": [],
                        "init_container": [],
                        "node_name": "",
                        "node_selector": null,
                        "priority_class_name": "",
                        "readiness_gate": [],
                        "restart_policy": "Always",
                        "security_context": [],
                        "service_account_name": "",
                        "share_process_namespace": false,
                        "subdomain": "",
                        "termination_grace_period_seconds": 30,
                        "toleration": [],
                        "volume": []
                      }
                    ]
                  }
                ]
              }
            ],
            "timeouts": null,
            "wait_for_rollout": true
          },
          "private": "eyJlMmJmYjczMC1lY2FhLTExZTYtOGY4OC0zNDM2M2JjN2M0YzAiOnsiY3JlYXRlIjo2MDAwMDAwMDAwMDAsImRlbGV0ZSI6NjAwMDAwMDAwMDAwLCJ1cGRhdGUiOjYwMDAwMDAwMDAwMH0sInNjaGVtYV92ZXJzaW9uIjoiMSJ9",
          "dependencies": [
            "google_container_cluster.gke-cluster",
            "kubernetes_namespace.n"
          ]
        }
      ]
    },
    {
      "mode": "managed",
      "type": "kubernetes_deployment",
      "name": "deloitted-internal-events-feed-deployment",
      "provider": "provider.kubernetes",
      "instances": [
        {
          "schema_version": 1,
          "attributes": {
            "id": "deloitted-events-feed/deloitted-internal-events-feed-deployment",
            "metadata": [
              {
                "annotations": null,
                "generate_name": "",
                "generation": 1,
                "labels": {
                  "App": "deloitted-internal-events-feed"
                },
                "name": "deloitted-internal-events-feed-deployment",
                "namespace": "deloitted-events-feed",
                "resource_version": "1204",
                "self_link": "",
                "uid": "e7b14d06-0c99-4760-a407-e9f7a72bc2ac"
              }
            ],
            "spec": [
              {
                "min_ready_seconds": 0,
                "paused": false,
                "progress_deadline_seconds": 60,
                "replicas": "1",
                "revision_history_limit": 10,
                "selector": [
                  {
                    "match_expressions": [],
                    "match_labels": {
                      "App": "deloitted-internal-events-feed"
                    }
                  }
                ],
                "strategy": [
                  {
                    "rolling_update": [
                      {
                        "max_surge": "25%",
                        "max_unavailable": "25%"
                      }
                    ],
                    "type": "RollingUpdate"
                  }
                ],
                "template": [
                  {
                    "metadata": [
                      {
                        "annotations": null,
                        "generate_name": "",
                        "generation": 0,
                        "labels": {
                          "App": "deloitted-internal-events-feed"
                        },
                        "name": "",
                        "namespace": "",
                        "resource_version": "",
                        "self_link": "",
                        "uid": ""
                      }
                    ],
                    "spec": [
                      {
                        "active_deadline_seconds": 0,
                        "affinity": [],
                        "automount_service_account_token": true,
                        "container": [
                          {
                            "args": null,
                            "command": null,
                            "env": [],
                            "env_from": [],
                            "image": "gcr.io/mar-roidtc321/internal-image:v1.0.0",
                            "image_pull_policy": "IfNotPresent",
                            "lifecycle": [],
                            "liveness_probe": [],
                            "name": "deloitted-internal-events-feed",
                            "port": [
                              {
                                "container_port": 8082,
                                "host_ip": "",
                                "host_port": 0,
                                "name": "",
                                "protocol": "TCP"
                              }
                            ],
                            "readiness_probe": [],
                            "resources": [
                              {
                                "limits": {
                                  "cpu": "200m",
                                  "memory": "2562Mi"
                                },
                                "requests": {
                                  "cpu": "100m",
                                  "memory": "50Mi"
                                }
                              }
                            ],
                            "security_context": [],
                            "startup_probe": [],
                            "stdin": false,
                            "stdin_once": false,
                            "termination_message_path": "/dev/termination-log",
                            "termination_message_policy": "File",
                            "tty": false,
                            "volume_mount": [],
                            "working_dir": ""
                          }
                        ],
                        "dns_config": [],
                        "dns_policy": "ClusterFirst",
                        "enable_service_links": true,
                        "host_aliases": [],
                        "host_ipc": false,
                        "host_network": false,
                        "host_pid": false,
                        "hostname": "",
                        "image_pull_secrets": [],
                        "init_container": [],
                        "node_name": "",
                        "node_selector": null,
                        "priority_class_name": "",
                        "readiness_gate": [],
                        "restart_policy": "Always",
                        "security_context": [],
                        "service_account_name": "",
                        "share_process_namespace": false,
                        "subdomain": "",
                        "termination_grace_period_seconds": 30,
                        "toleration": [],
                        "volume": []
                      }
                    ]
                  }
                ]
              }
            ],
            "timeouts": null,
            "wait_for_rollout": true
          },
          "private": "eyJlMmJmYjczMC1lY2FhLTExZTYtOGY4OC0zNDM2M2JjN2M0YzAiOnsiY3JlYXRlIjo2MDAwMDAwMDAwMDAsImRlbGV0ZSI6NjAwMDAwMDAwMDAwLCJ1cGRhdGUiOjYwMDAwMDAwMDAwMH0sInNjaGVtYV92ZXJzaW9uIjoiMSJ9",
          "dependencies": [
            "google_container_cluster.gke-cluster",
            "kubernetes_namespace.n"
          ]
        }
      ]
    },
    {
      "mode": "managed",
      "type": "kubernetes_namespace",
      "name": "n",
      "provider": "provider.kubernetes",
      "instances": [
        {
          "schema_version": 0,
          "attributes": {
            "id": "deloitted-events-feed",
            "metadata": [
              {
                "annotations": null,
                "generate_name": "",
                "generation": 0,
                "labels": null,
                "name": "deloitted-events-feed",
                "resource_version": "934",
                "self_link": "",
                "uid": "b14e7502-8445-4430-aa15-50e42c9e0642"
              }
            ],
            "timeouts": null
          },
          "private": "eyJlMmJmYjczMC1lY2FhLTExZTYtOGY4OC0zNDM2M2JjN2M0YzAiOnsiZGVsZXRlIjozMDAwMDAwMDAwMDB9fQ==",
          "dependencies": [
            "google_container_cluster.gke-cluster"
          ]
        }
      ]
    },
    {
      "mode": "managed",
      "type": "kubernetes_service",
      "name": "events-external-service",
      "provider": "provider.kubernetes",
      "instances": [
        {
          "schema_version": 1,
          "attributes": {
            "id": "deloitted-events-feed/events-external-service",
            "metadata": [
              {
                "annotations": null,
                "generate_name": "",
                "generation": 0,
                "labels": null,
                "name": "events-external-service",
                "namespace": "deloitted-events-feed",
                "resource_version": "1466",
                "self_link": "",
                "uid": "f6731355-2242-4b1c-8cfd-0b97caefe7d6"
              }
            ],
            "spec": [
              {
                "cluster_ip": "10.47.246.52",
                "external_ips": null,
                "external_name": "",
                "external_traffic_policy": "Cluster",
                "health_check_node_port": 0,
                "load_balancer_ip": "",
                "load_balancer_source_ranges": null,
                "port": [
                  {
                    "name": "",
                    "node_port": 31264,
                    "port": 80,
                    "protocol": "TCP",
                    "target_port": "8080"
                  }
                ],
                "publish_not_ready_addresses": false,
                "selector": {
                  "App": "deloitted-external-events-feed"
                },
                "session_affinity": "None",
                "type": "LoadBalancer"
              }
            ],
            "status": [
              {
                "load_balancer": [
                  {
                    "ingress": [
                      {
                        "hostname": "",
                        "ip": "34.69.59.26"
                      }
                    ]
                  }
                ]
              }
            ],
            "timeouts": null,
            "wait_for_load_balancer": true
          },
          "private": "eyJlMmJmYjczMC1lY2FhLTExZTYtOGY4OC0zNDM2M2JjN2M0YzAiOnsiY3JlYXRlIjo2MDAwMDAwMDAwMDB9LCJzY2hlbWFfdmVyc2lvbiI6IjEifQ==",
          "dependencies": [
            "google_container_cluster.gke-cluster",
            "kubernetes_deployment.deloitted-external-events-feed-deployment",
            "kubernetes_namespace.n"
          ]
        }
      ]
    },
    {
      "mode": "managed",
      "type": "kubernetes_service",
      "name": "events-internal-service",
      "provider": "provider.kubernetes",
      "instances": [
        {
          "schema_version": 1,
          "attributes": {
            "id": "deloitted-events-feed/events-internal-service",
            "metadata": [
              {
                "annotations": null,
                "generate_name": "",
                "generation": 0,
                "labels": null,
                "name": "events-internal-service",
                "namespace": "deloitted-events-feed",
                "resource_version": "1230",
                "self_link": "",
                "uid": "395cc59c-f316-483a-b8fa-f9e30072b074"
              }
            ],
            "spec": [
              {
                "cluster_ip": "10.47.255.97",
                "external_ips": null,
                "external_name": "",
                "external_traffic_policy": "",
                "health_check_node_port": 0,
                "load_balancer_ip": "",
                "load_balancer_source_ranges": null,
                "port": [
                  {
                    "name": "",
                    "node_port": 0,
                    "port": 8082,
                    "protocol": "TCP",
                    "target_port": "8082"
                  }
                ],
                "publish_not_ready_addresses": false,
                "selector": {
                  "App": "deloitted-internal-events-feed"
                },
                "session_affinity": "None",
                "type": "ClusterIP"
              }
            ],
            "status": [
              {
                "load_balancer": [
                  {
                    "ingress": []
                  }
                ]
              }
            ],
            "timeouts": null,
            "wait_for_load_balancer": true
          },
          "private": "eyJlMmJmYjczMC1lY2FhLTExZTYtOGY4OC0zNDM2M2JjN2M0YzAiOnsiY3JlYXRlIjo2MDAwMDAwMDAwMDB9LCJzY2hlbWFfdmVyc2lvbiI6IjEifQ==",
          "dependencies": [
            "google_container_cluster.gke-cluster",
            "kubernetes_deployment.deloitted-internal-events-feed-deployment",
            "kubernetes_namespace.n"
          ]
        }
      ]
    }
  ]
}
