{
  "version": 4,
  "terraform_version": "0.12.24",
  "serial": 7,
  "lineage": "8606e088-7848-a8b6-9016-c2df9db3d5d1",
  "outputs": {
    "cip_status": {
      "value": [
        {
          "load_balancer": [
            {
              "ingress": []
            }
          ]
        }
      ],
      "type": [
        "list",
        [
          "object",
          {
            "load_balancer": [
              "list",
              [
                "object",
                {
                  "ingress": [
                    "list",
                    [
                      "object",
                      {
                        "hostname": "string",
                        "ip": "string"
                      }
                    ]
                  ]
                }
              ]
            ]
          }
        ]
      ]
    },
    "lb_status": {
      "value": [
        {
          "load_balancer": [
            {
              "ingress": [
                {
                  "hostname": "",
                  "ip": "34.123.42.180"
                }
              ]
            }
          ]
        }
      ],
      "type": [
        "list",
        [
          "object",
          {
            "load_balancer": [
              "list",
              [
                "object",
                {
                  "ingress": [
                    "list",
                    [
                      "object",
                      {
                        "hostname": "string",
                        "ip": "string"
                      }
                    ]
                  ]
                }
              ]
            ]
          }
        ]
      ]
    }
  },
  "resources": [
    {
      "mode": "data",
      "type": "google_client_config",
      "name": "default",
      "provider": "provider.google",
      "instances": [
        {
          "schema_version": 0,
          "attributes": {
            "access_token": "ya29.a0AfH6SMB_HcfzlqJhvl5EU9oy-fvy7yUzT1EwJvmmVYy2EX63h1g7vjjbN7uJYhIjoe3B1AGIqWHhvDYti4M-da8yGOJ1lh83l7j0dYeVakIr8-nRwOsliZzjZAuigffQknJ3fflk5jEdx_kl2SdgfTFSqMBLKOLM8XPmfQkdWIXoAYiCSOG24XgirwM6wr9_tkcqVZHaMwhs6cHVCHl-zLUTqewLv-UyuJmwWrfbBg94yF0AOC5lq3_C_cDR-6Zb3ODz0ew",
            "id": "projects/mar-roidtc315/regions/us-central1/zones/us-central1-a",
            "project": "mar-roidtc315",
            "region": "us-central1",
            "zone": "us-central1-a"
          }
        }
      ]
    },
    {
      "mode": "managed",
      "type": "google_container_cluster",
      "name": "gke-cluster",
      "provider": "provider.google",
      "instances": [
        {
          "schema_version": 1,
          "attributes": {
            "addons_config": [
              {
                "cloudrun_config": [],
                "horizontal_pod_autoscaling": [],
                "http_load_balancing": [],
                "network_policy_config": [
                  {
                    "disabled": true
                  }
                ]
              }
            ],
            "authenticator_groups_config": [],
            "cluster_autoscaling": [
              {
                "auto_provisioning_defaults": [],
                "enabled": false,
                "resource_limits": []
              }
            ],
            "cluster_ipv4_cidr": "10.44.0.0/14",
            "database_encryption": [
              {
                "key_name": "",
                "state": "DECRYPTED"
              }
            ],
            "datapath_provider": "",
            "default_max_pods_per_node": null,
            "default_snat_status": [
              {
                "disabled": false
              }
            ],
            "description": "",
            "enable_binary_authorization": false,
            "enable_intranode_visibility": false,
            "enable_kubernetes_alpha": false,
            "enable_legacy_abac": false,
            "enable_shielded_nodes": false,
            "enable_tpu": false,
            "endpoint": "34.67.176.235",
            "id": "projects/mar-roidtc315/locations/us-central1-a/clusters/deloitted-events-feed-cluster",
            "initial_node_count": 3,
            "instance_group_urls": [
              "https://www.googleapis.com/compute/v1/projects/mar-roidtc315/zones/us-central1-a/instanceGroups/gke-deloitted-events-fee-default-pool-43b07eb8-grp"
            ],
            "ip_allocation_policy": [],
            "label_fingerprint": "a9dc16a7",
            "location": "us-central1-a",
            "logging_service": "logging.googleapis.com/kubernetes",
            "maintenance_policy": [],
            "master_auth": [
              {
                "client_certificate": "",
                "client_certificate_config": [
                  {
                    "issue_client_certificate": false
                  }
                ],
                "client_key": "",
                "cluster_ca_certificate": "LS0tLS1CRUdJTiBDRVJUSUZJQ0FURS0tLS0tCk1JSURLekNDQWhPZ0F3SUJBZ0lSQUx5MkNYUFliREhYMzlXRWJsK3VXVzh3RFFZSktvWklodmNOQVFFTEJRQXcKTHpFdE1Dc0dBMVVFQXhNa1kyUmtZVEl4TWpjdFlqRXdZeTAwWVRSbUxUbGtOakV0TkRVM1lqUXpObVprTkRCaQpNQjRYRFRJeE1ETXhOekUzTkRJeU0xb1hEVEkyTURNeE5qRTROREl5TTFvd0x6RXRNQ3NHQTFVRUF4TWtZMlJrCllUSXhNamN0WWpFd1l5MDBZVFJtTFRsa05qRXRORFUzWWpRek5tWmtOREJpTUlJQklqQU5CZ2txaGtpRzl3MEIKQVFFRkFBT0NBUThBTUlJQkNnS0NBUUVBNHhqTWN6MEM5VEtqMTJRZUdvZnVOUWd1L2NleUZmL0NtQ2xIYzRiQwp6dGVIU3VYSW92dHRWNnpkczNtcS9XSjZybmUyVm1tZTI2b2lWNDBTUDJXMmx0SmVoUG04bDFwR0NiRlVBNHFLClVYZWtpOEpTK0tmRmVWVnBWV2ppVk9WejZrQWxINzVZZmpXeS9YMXhETk01WkJLRFFXNExRTXJ4S3dNRHdvL1EKRGIwWE1pOW45U3hpMVRtbUtiQlFFRlcxSXRPOS9ldmdOZnk5YkR3bXFxUFJIZGJMNTJKcVhucVFLUFBVbDBYZQozSVVMS3YrUm55RHFJUGFhKzFoemw5SDZqcEQ0QUdRbk1MOWlicTFsdUtSQjdFTXEwOEVVTlB2TGg2eElITzU3CjBpNmNnSXhYOUR4U3JTNnVTNEZBOUdIK1hPM1hOdWZ4bHNqZDV2N2Uyc3JIWHdJREFRQUJvMEl3UURBT0JnTlYKSFE4QkFmOEVCQU1DQWdRd0R3WURWUjBUQVFIL0JBVXdBd0VCL3pBZEJnTlZIUTRFRmdRVWVWQWlVQWx4dWxZTAo0clVZUEYvTU02OE1VYVF3RFFZSktvWklodmNOQVFFTEJRQURnZ0VCQU0wU1huMCthQm9sOVN1WDR0cE9UdkxLCkhIUTBKd2xIK1Bkbmppa1ZGbkJpL291cmgrN2granBPQnlMbkk1d0pPa2NwZEx3bU0rN1FSdGRaYzE1ODZSVmsKM2Q4MVo0SElNSi9FTm4zRlA4MWlqd291VkEwZithUXZPT3BjRjFtU1Z0U2lsUzJ3Wk1wem5aVkNyK3c4TEpMVgovZm1sY3dNQUR4SUE1aDgxdUJ1VGU0d2tBSlhYMHBtaGU4Z1JoN1VCNUdZWEI3OGJOeW9LZ012ZjJ5SldHbGsyCldtQTVRN0k5K3V0Vk5oTmE3d01zVS9yRGlLUndGRjJpQVpZR2FEKzRZN0RWMGNGWUpPMS9oamhjWUNJUUU1aEoKajIzelIrV1ErMGllcjQzRUVWdWVrMGtKcTQ0dzVLQzEwM0wxOWFNRmluWmVlRlM5V1l3Y2Z6M1FDVlFsWFZ3PQotLS0tLUVORCBDRVJUSUZJQ0FURS0tLS0tCg==",
                "password": "",
                "username": ""
              }
            ],
            "master_authorized_networks_config": [],
            "master_version": "1.18.12-gke.1210",
            "min_master_version": null,
            "monitoring_service": "monitoring.googleapis.com/kubernetes",
            "name": "deloitted-events-feed-cluster",
            "network": "projects/mar-roidtc315/global/networks/default",
            "network_policy": [
              {
                "enabled": false,
                "provider": "PROVIDER_UNSPECIFIED"
              }
            ],
            "node_config": [
              {
                "disk_size_gb": 100,
                "disk_type": "pd-standard",
                "guest_accelerator": [],
                "image_type": "COS",
                "labels": {},
                "local_ssd_count": 0,
                "machine_type": "n1-standard-1",
                "metadata": {
                  "disable-legacy-endpoints": "true"
                },
                "min_cpu_platform": "",
                "oauth_scopes": [
                  "https://www.googleapis.com/auth/cloud-platform"
                ],
                "preemptible": true,
                "service_account": "default",
                "shielded_instance_config": [
                  {
                    "enable_integrity_monitoring": true,
                    "enable_secure_boot": false
                  }
                ],
                "tags": null,
                "taint": [],
                "workload_metadata_config": []
              }
            ],
            "node_locations": [],
            "node_pool": [
              {
                "autoscaling": [],
                "initial_node_count": 3,
                "instance_group_urls": [
                  "https://www.googleapis.com/compute/v1/projects/mar-roidtc315/zones/us-central1-a/instanceGroupManagers/gke-deloitted-events-fee-default-pool-43b07eb8-grp"
                ],
                "management": [
                  {
                    "auto_repair": true,
                    "auto_upgrade": true
                  }
                ],
                "max_pods_per_node": 0,
                "name": "default-pool",
                "name_prefix": "",
                "node_config": [
                  {
                    "disk_size_gb": 100,
                    "disk_type": "pd-standard",
                    "guest_accelerator": [],
                    "image_type": "COS",
                    "labels": {},
                    "local_ssd_count": 0,
                    "machine_type": "n1-standard-1",
                    "metadata": {
                      "disable-legacy-endpoints": "true"
                    },
                    "min_cpu_platform": "",
                    "oauth_scopes": [
                      "https://www.googleapis.com/auth/cloud-platform"
                    ],
                    "preemptible": true,
                    "service_account": "default",
                    "shielded_instance_config": [
                      {
                        "enable_integrity_monitoring": true,
                        "enable_secure_boot": false
                      }
                    ],
                    "tags": [],
                    "taint": [],
                    "workload_metadata_config": []
                  }
                ],
                "node_count": 3,
                "node_locations": [
                  "us-central1-a"
                ],
                "upgrade_settings": [
                  {
                    "max_surge": 1,
                    "max_unavailable": 0
                  }
                ],
                "version": "1.18.12-gke.1210"
              }
            ],
            "node_version": "1.18.12-gke.1210",
            "operation": null,
            "pod_security_policy_config": [],
            "private_cluster_config": [],
            "project": "mar-roidtc315",
            "release_channel": [
              {
                "channel": "REGULAR"
              }
            ],
            "remove_default_node_pool": null,
            "resource_labels": null,
            "resource_usage_export_config": [],
            "self_link": "https://container.googleapis.com/v1beta1/projects/mar-roidtc315/zones/us-central1-a/clusters/deloitted-events-feed-cluster",
            "services_ipv4_cidr": "10.47.240.0/20",
            "subnetwork": "projects/mar-roidtc315/regions/us-central1/subnetworks/default",
            "timeouts": null,
            "tpu_ipv4_cidr_block": "",
            "vertical_pod_autoscaling": [],
            "workload_identity_config": []
          },
          "private": "eyJlMmJmYjczMC1lY2FhLTExZTYtOGY4OC0zNDM2M2JjN2M0YzAiOnsiY3JlYXRlIjoyNDAwMDAwMDAwMDAwLCJkZWxldGUiOjI0MDAwMDAwMDAwMDAsInJlYWQiOjI0MDAwMDAwMDAwMDAsInVwZGF0ZSI6MzYwMDAwMDAwMDAwMH0sInNjaGVtYV92ZXJzaW9uIjoiMSJ9"
        }
      ]
    },
    {
      "mode": "managed",
      "type": "kubernetes_deployment",
      "name": "deloitted-external-events-feed-deployment",
      "provider": "provider.kubernetes",
      "instances": [
        {
          "schema_version": 1,
          "attributes": {
            "id": "deloitted-events-feed/deloitted-external-events-feed-deployment",
            "metadata": [
              {
                "annotations": null,
                "generate_name": "",
                "generation": 1,
                "labels": {
                  "App": "deloitted-external-events-feed"
                },
                "name": "deloitted-external-events-feed-deployment",
                "namespace": "deloitted-events-feed",
                "resource_version": "1232",
                "self_link": "",
                "uid": "a0ba37a1-fc74-42da-91fd-d9f474f4cc5c"
              }
            ],
            "spec": [
              {
                "min_ready_seconds": 0,
                "paused": false,
                "progress_deadline_seconds": 60,
                "replicas": "1",
                "revision_history_limit": 10,
                "selector": [
                  {
                    "match_expressions": [],
                    "match_labels": {
                      "App": "deloitted-external-events-feed"
                    }
                  }
                ],
                "strategy": [
                  {
                    "rolling_update": [
                      {
                        "max_surge": "25%",
                        "max_unavailable": "25%"
                      }
                    ],
                    "type": "RollingUpdate"
                  }
                ],
                "template": [
                  {
                    "metadata": [
                      {
                        "annotations": null,
                        "generate_name": "",
                        "generation": 0,
                        "labels": {
                          "App": "deloitted-external-events-feed"
                        },
                        "name": "",
                        "namespace": "",
                        "resource_version": "",
                        "self_link": "",
                        "uid": ""
                      }
                    ],
                    "spec": [
                      {
                        "active_deadline_seconds": 0,
                        "affinity": [],
                        "automount_service_account_token": true,
                        "container": [
                          {
                            "args": null,
                            "command": null,
                            "env": [
                              {
                                "name": "SERVER",
                                "value": "http://events-internal-service:8082",
                                "value_from": []
                              }
                            ],
                            "env_from": [],
                            "image": "gcr.io/mar-roidtc315/external-image:v1.0.0",
                            "image_pull_policy": "IfNotPresent",
                            "lifecycle": [],
                            "liveness_probe": [],
                            "name": "deloitted-external-events-feed",
                            "port": [
                              {
                                "container_port": 8080,
                                "host_ip": "",
                                "host_port": 0,
                                "name": "",
                                "protocol": "TCP"
                              }
                            ],
                            "readiness_probe": [],
                            "resources": [
                              {
                                "limits": {
                                  "cpu": "200m",
                                  "memory": "2562Mi"
                                },
                                "requests": {
                                  "cpu": "100m",
                                  "memory": "50Mi"
                                }
                              }
                            ],
                            "security_context": [],
                            "startup_probe": [],
                            "stdin": false,
                            "stdin_once": false,
                            "termination_message_path": "/dev/termination-log",
                            "termination_message_policy": "File",
                            "tty": false,
                            "volume_mount": [],
                            "working_dir": ""
                          }
                        ],
                        "dns_config": [],
                        "dns_policy": "ClusterFirst",
                        "enable_service_links": true,
                        "host_aliases": [],
                        "host_ipc": false,
                        "host_network": false,
                        "host_pid": false,
                        "hostname": "",
                        "image_pull_secrets": [],
                        "init_container": [],
                        "node_name": "",
                        "node_selector": null,
                        "priority_class_name": "",
                        "readiness_gate": [],
                        "restart_policy": "Always",
                        "security_context": [],
                        "service_account_name": "",
                        "share_process_namespace": false,
                        "subdomain": "",
                        "termination_grace_period_seconds": 30,
                        "toleration": [],
                        "volume": []
                      }
                    ]
                  }
                ]
              }
            ],
            "timeouts": null,
            "wait_for_rollout": true
          },
          "private": "eyJlMmJmYjczMC1lY2FhLTExZTYtOGY4OC0zNDM2M2JjN2M0YzAiOnsiY3JlYXRlIjo2MDAwMDAwMDAwMDAsImRlbGV0ZSI6NjAwMDAwMDAwMDAwLCJ1cGRhdGUiOjYwMDAwMDAwMDAwMH0sInNjaGVtYV92ZXJzaW9uIjoiMSJ9",
          "dependencies": [
            "google_container_cluster.gke-cluster",
            "kubernetes_namespace.n"
          ]
        }
      ]
    },
    {
      "mode": "managed",
      "type": "kubernetes_deployment",
      "name": "deloitted-internal-events-feed-deployment",
      "provider": "provider.kubernetes",
      "instances": [
        {
          "schema_version": 1,
          "attributes": {
            "id": "deloitted-events-feed/deloitted-internal-events-feed-deployment",
            "metadata": [
              {
                "annotations": null,
                "generate_name": "",
                "generation": 1,
                "labels": {
                  "App": "deloitted-internal-events-feed"
                },
                "name": "deloitted-internal-events-feed-deployment",
                "namespace": "deloitted-events-feed",
                "resource_version": "1247",
                "self_link": "",
                "uid": "27d5bcd9-f7d3-426f-831b-4a4cfc8e9231"
              }
            ],
            "spec": [
              {
                "min_ready_seconds": 0,
                "paused": false,
                "progress_deadline_seconds": 60,
                "replicas": "1",
                "revision_history_limit": 10,
                "selector": [
                  {
                    "match_expressions": [],
                    "match_labels": {
                      "App": "deloitted-internal-events-feed"
                    }
                  }
                ],
                "strategy": [
                  {
                    "rolling_update": [
                      {
                        "max_surge": "25%",
                        "max_unavailable": "25%"
                      }
                    ],
                    "type": "RollingUpdate"
                  }
                ],
                "template": [
                  {
                    "metadata": [
                      {
                        "annotations": null,
                        "generate_name": "",
                        "generation": 0,
                        "labels": {
                          "App": "deloitted-internal-events-feed"
                        },
                        "name": "",
                        "namespace": "",
                        "resource_version": "",
                        "self_link": "",
                        "uid": ""
                      }
                    ],
                    "spec": [
                      {
                        "active_deadline_seconds": 0,
                        "affinity": [],
                        "automount_service_account_token": true,
                        "container": [
                          {
                            "args": null,
                            "command": null,
                            "env": [],
                            "env_from": [],
                            "image": "gcr.io/mar-roidtc315/internal-image:v1.0.0",
                            "image_pull_policy": "IfNotPresent",
                            "lifecycle": [],
                            "liveness_probe": [],
                            "name": "deloitted-internal-events-feed",
                            "port": [
                              {
                                "container_port": 8082,
                                "host_ip": "",
                                "host_port": 0,
                                "name": "",
                                "protocol": "TCP"
                              }
                            ],
                            "readiness_probe": [],
                            "resources": [
                              {
                                "limits": {
                                  "cpu": "200m",
                                  "memory": "2562Mi"
                                },
                                "requests": {
                                  "cpu": "100m",
                                  "memory": "50Mi"
                                }
                              }
                            ],
                            "security_context": [],
                            "startup_probe": [],
                            "stdin": false,
                            "stdin_once": false,
                            "termination_message_path": "/dev/termination-log",
                            "termination_message_policy": "File",
                            "tty": false,
                            "volume_mount": [],
                            "working_dir": ""
                          }
                        ],
                        "dns_config": [],
                        "dns_policy": "ClusterFirst",
                        "enable_service_links": true,
                        "host_aliases": [],
                        "host_ipc": false,
                        "host_network": false,
                        "host_pid": false,
                        "hostname": "",
                        "image_pull_secrets": [],
                        "init_container": [],
                        "node_name": "",
                        "node_selector": null,
                        "priority_class_name": "",
                        "readiness_gate": [],
                        "restart_policy": "Always",
                        "security_context": [],
                        "service_account_name": "",
                        "share_process_namespace": false,
                        "subdomain": "",
                        "termination_grace_period_seconds": 30,
                        "toleration": [],
                        "volume": []
                      }
                    ]
                  }
                ]
              }
            ],
            "timeouts": null,
            "wait_for_rollout": true
          },
          "private": "eyJlMmJmYjczMC1lY2FhLTExZTYtOGY4OC0zNDM2M2JjN2M0YzAiOnsiY3JlYXRlIjo2MDAwMDAwMDAwMDAsImRlbGV0ZSI6NjAwMDAwMDAwMDAwLCJ1cGRhdGUiOjYwMDAwMDAwMDAwMH0sInNjaGVtYV92ZXJzaW9uIjoiMSJ9",
          "dependencies": [
            "google_container_cluster.gke-cluster",
            "kubernetes_namespace.n"
          ]
        }
      ]
    },
    {
      "mode": "managed",
      "type": "kubernetes_namespace",
      "name": "n",
      "provider": "provider.kubernetes",
      "instances": [
        {
          "schema_version": 0,
          "attributes": {
            "id": "deloitted-events-feed",
            "metadata": [
              {
                "annotations": null,
                "generate_name": "",
                "generation": 0,
                "labels": null,
                "name": "deloitted-events-feed",
                "resource_version": "864",
                "self_link": "",
                "uid": "c85d4c84-fa42-44dc-8485-f288b3a43d88"
              }
            ],
            "timeouts": null
          },
          "private": "eyJlMmJmYjczMC1lY2FhLTExZTYtOGY4OC0zNDM2M2JjN2M0YzAiOnsiZGVsZXRlIjozMDAwMDAwMDAwMDB9fQ==",
          "dependencies": [
            "google_container_cluster.gke-cluster"
          ]
        }
      ]
    },
    {
      "mode": "managed",
      "type": "kubernetes_service",
      "name": "events-external-service",
      "provider": "provider.kubernetes",
      "instances": [
        {
          "schema_version": 1,
          "attributes": {
            "id": "deloitted-events-feed/events-external-service",
            "metadata": [
              {
                "annotations": null,
                "generate_name": "",
                "generation": 0,
                "labels": null,
                "name": "events-external-service",
                "namespace": "deloitted-events-feed",
                "resource_version": "1694",
                "self_link": "",
                "uid": "76176806-7205-47f7-a8c6-066715f4ed16"
              }
            ],
            "spec": [
              {
                "cluster_ip": "10.47.241.68",
                "external_ips": null,
                "external_name": "",
                "external_traffic_policy": "Cluster",
                "health_check_node_port": 0,
                "load_balancer_ip": "",
                "load_balancer_source_ranges": null,
                "port": [
                  {
                    "name": "",
                    "node_port": 30141,
                    "port": 80,
                    "protocol": "TCP",
                    "target_port": "8080"
                  }
                ],
                "publish_not_ready_addresses": false,
                "selector": {
                  "App": "deloitted-external-events-feed"
                },
                "session_affinity": "None",
                "type": "LoadBalancer"
              }
            ],
            "status": [
              {
                "load_balancer": [
                  {
                    "ingress": [
                      {
                        "hostname": "",
                        "ip": "34.123.42.180"
                      }
                    ]
                  }
                ]
              }
            ],
            "timeouts": null,
            "wait_for_load_balancer": true
          },
          "private": "eyJlMmJmYjczMC1lY2FhLTExZTYtOGY4OC0zNDM2M2JjN2M0YzAiOnsiY3JlYXRlIjo2MDAwMDAwMDAwMDB9LCJzY2hlbWFfdmVyc2lvbiI6IjEifQ==",
          "dependencies": [
            "google_container_cluster.gke-cluster",
            "kubernetes_deployment.deloitted-external-events-feed-deployment",
            "kubernetes_namespace.n"
          ]
        }
      ]
    },
    {
      "mode": "managed",
      "type": "kubernetes_service",
      "name": "events-internal-service",
      "provider": "provider.kubernetes",
      "instances": [
        {
          "schema_version": 1,
          "attributes": {
            "id": "deloitted-events-feed/events-internal-service",
            "metadata": [
              {
                "annotations": null,
                "generate_name": "",
                "generation": 0,
                "labels": null,
                "name": "events-internal-service",
                "namespace": "deloitted-events-feed",
                "resource_version": "1349",
                "self_link": "",
                "uid": "f51c9b87-a1cc-4321-82fc-173bf456f235"
              }
            ],
            "spec": [
              {
                "cluster_ip": "10.47.249.7",
                "external_ips": null,
                "external_name": "",
                "external_traffic_policy": "",
                "health_check_node_port": 0,
                "load_balancer_ip": "",
                "load_balancer_source_ranges": null,
                "port": [
                  {
                    "name": "",
                    "node_port": 0,
                    "port": 8082,
                    "protocol": "TCP",
                    "target_port": "8082"
                  }
                ],
                "publish_not_ready_addresses": false,
                "selector": {
                  "App": "deloitted-internal-events-feed"
                },
                "session_affinity": "None",
                "type": "ClusterIP"
              }
            ],
            "status": [
              {
                "load_balancer": [
                  {
                    "ingress": []
                  }
                ]
              }
            ],
            "timeouts": null,
            "wait_for_load_balancer": true
          },
          "private": "eyJlMmJmYjczMC1lY2FhLTExZTYtOGY4OC0zNDM2M2JjN2M0YzAiOnsiY3JlYXRlIjo2MDAwMDAwMDAwMDB9LCJzY2hlbWFfdmVyc2lvbiI6IjEifQ==",
          "dependencies": [
            "google_container_cluster.gke-cluster",
            "kubernetes_deployment.deloitted-internal-events-feed-deployment",
            "kubernetes_namespace.n"
          ]
        }
      ]
    }
  ]
}
